
Microsoft Visual Studio Solution File, Format Version 12.00
# Visual Studio Version 17
VisualStudioVersion = 17.10.35004.147
MinimumVisualStudioVersion = 10.0.40219.1
Project("{FAE04EC0-301F-11D3-BF4B-00C04F79EFBC}") = "KGlow", "KGlow.csproj", "{B86FCAB3-6F54-4E51-9F37-011CECE984A0}"
EndProject
Global
	GlobalSection(SolutionConfigurationPlatforms) = preSolution
		Debug|Any CPU = Debug|Any CPU
		Release|Any CPU = Release|Any CPU
	EndGlobalSection
	GlobalSection(ProjectConfigurationPlatforms) = postSolution
		{B86FCAB3-6F54-4E51-9F37-011CECE984A0}.Debug|Any CPU.ActiveCfg = Debug|Any CPU
		{B86FCAB3-6F54-4E51-9F37-011CECE984A0}.Debug|Any CPU.Build.0 = Debug|Any CPU
		{B86FCAB3-6F54-4E51-9F37-011CECE984A0}.Release|Any CPU.ActiveCfg = Release|Any CPU
		{B86FCAB3-6F54-4E51-9F37-011CECE984A0}.Release|Any CPU.Build.0 = Release|Any CPU
	EndGlobalSection
	GlobalSection(SolutionProperties) = preSolution
		HideSolutionNode = FALSE
	EndGlobalSection
	GlobalSection(ExtensibilityGlobals) = postSolution
		SolutionGuid = {40E0A70B-D1D4-4FBC-9DE3-21E385AC2C0C}
	EndGlobalSection
EndGlobal
